
Microsoft Visual Studio Solution File, Format Version 12.00
# Visual Studio Version 17
VisualStudioVersion = 17.0.31903.59
MinimumVisualStudioVersion = 10.0.40219.1
Project("{FAE04EC0-301F-11D3-BF4B-00C04F79EFBC}") = "CgrApi", "CgrApi\CgrApi.csproj", "{668C20D0-DE92-4FDD-BE3E-B3B231559EAA}"
EndProject
Project("{2150E333-8FDC-42A3-9474-1A3956D46DE8}") = "src", "src", "{827E0CD3-B72D-47B6-A68D-7590B98EB39B}"
EndProject
Project("{FAE04EC0-301F-11D3-BF4B-00C04F79EFBC}") = "Climbers", "src\Climbers\Climbers.csproj", "{703EEA16-5916-44BD-A826-C45A9C66FBF3}"
EndProject
Project("{FAE04EC0-301F-11D3-BF4B-00C04F79EFBC}") = "ClimbingGymManagers", "src\ClimbingGymManagers\ClimbingGymManagers.csproj", "{3DA8CAF1-BE7C-4147-A349-377324CC797A}"
EndProject
Project("{FAE04EC0-301F-11D3-BF4B-00C04F79EFBC}") = "Database", "src\Database\Database.csproj", "{06B38157-E811-4A7E-B135-9B1BCFBD3D01}"
EndProject
Project("{FAE04EC0-301F-11D3-BF4B-00C04F79EFBC}") = "Security", "src\Security\Security.csproj", "{A5244536-21A5-40BA-82D9-7F1121DB3354}"
EndProject
Project("{FAE04EC0-301F-11D3-BF4B-00C04F79EFBC}") = "Shared.Common", "src\Shared.Common\Shared.Common.csproj", "{60B1F522-3D19-4F19-BC74-FCD9C60106BB}"
EndProject
Project("{FAE04EC0-301F-11D3-BF4B-00C04F79EFBC}") = "Shared.CQRS", "src\Shared.CQRS\Shared.CQRS.csproj", "{0DA1DB8F-A8D5-4970-B848-CE5E3E0893D3}"
EndProject
Project("{FAE04EC0-301F-11D3-BF4B-00C04F79EFBC}") = "Shared.Models", "src\Shared.Models\Shared.Models.csproj", "{1639666D-7B92-420F-B669-BB9A59EA8397}"
EndProject
Global
	GlobalSection(SolutionConfigurationPlatforms) = preSolution
		Debug|Any CPU = Debug|Any CPU
		Debug|x64 = Debug|x64
		Debug|x86 = Debug|x86
		Release|Any CPU = Release|Any CPU
		Release|x64 = Release|x64
		Release|x86 = Release|x86
	EndGlobalSection
	GlobalSection(ProjectConfigurationPlatforms) = postSolution
		{668C20D0-DE92-4FDD-BE3E-B3B231559EAA}.Debug|Any CPU.ActiveCfg = Debug|Any CPU
		{668C20D0-DE92-4FDD-BE3E-B3B231559EAA}.Debug|Any CPU.Build.0 = Debug|Any CPU
		{668C20D0-DE92-4FDD-BE3E-B3B231559EAA}.Debug|x64.ActiveCfg = Debug|Any CPU
		{668C20D0-DE92-4FDD-BE3E-B3B231559EAA}.Debug|x64.Build.0 = Debug|Any CPU
		{668C20D0-DE92-4FDD-BE3E-B3B231559EAA}.Debug|x86.ActiveCfg = Debug|Any CPU
		{668C20D0-DE92-4FDD-BE3E-B3B231559EAA}.Debug|x86.Build.0 = Debug|Any CPU
		{668C20D0-DE92-4FDD-BE3E-B3B231559EAA}.Release|Any CPU.ActiveCfg = Release|Any CPU
		{668C20D0-DE92-4FDD-BE3E-B3B231559EAA}.Release|Any CPU.Build.0 = Release|Any CPU
		{668C20D0-DE92-4FDD-BE3E-B3B231559EAA}.Release|x64.ActiveCfg = Release|Any CPU
		{668C20D0-DE92-4FDD-BE3E-B3B231559EAA}.Release|x64.Build.0 = Release|Any CPU
		{668C20D0-DE92-4FDD-BE3E-B3B231559EAA}.Release|x86.ActiveCfg = Release|Any CPU
		{668C20D0-DE92-4FDD-BE3E-B3B231559EAA}.Release|x86.Build.0 = Release|Any CPU
		{703EEA16-5916-44BD-A826-C45A9C66FBF3}.Debug|Any CPU.ActiveCfg = Debug|Any CPU
		{703EEA16-5916-44BD-A826-C45A9C66FBF3}.Debug|Any CPU.Build.0 = Debug|Any CPU
		{703EEA16-5916-44BD-A826-C45A9C66FBF3}.Debug|x64.ActiveCfg = Debug|Any CPU
		{703EEA16-5916-44BD-A826-C45A9C66FBF3}.Debug|x64.Build.0 = Debug|Any CPU
		{703EEA16-5916-44BD-A826-C45A9C66FBF3}.Debug|x86.ActiveCfg = Debug|Any CPU
		{703EEA16-5916-44BD-A826-C45A9C66FBF3}.Debug|x86.Build.0 = Debug|Any CPU
		{703EEA16-5916-44BD-A826-C45A9C66FBF3}.Release|Any CPU.ActiveCfg = Release|Any CPU
		{703EEA16-5916-44BD-A826-C45A9C66FBF3}.Release|Any CPU.Build.0 = Release|Any CPU
		{703EEA16-5916-44BD-A826-C45A9C66FBF3}.Release|x64.ActiveCfg = Release|Any CPU
		{703EEA16-5916-44BD-A826-C45A9C66FBF3}.Release|x64.Build.0 = Release|Any CPU
		{703EEA16-5916-44BD-A826-C45A9C66FBF3}.Release|x86.ActiveCfg = Release|Any CPU
		{703EEA16-5916-44BD-A826-C45A9C66FBF3}.Release|x86.Build.0 = Release|Any CPU
		{3DA8CAF1-BE7C-4147-A349-377324CC797A}.Debug|Any CPU.ActiveCfg = Debug|Any CPU
		{3DA8CAF1-BE7C-4147-A349-377324CC797A}.Debug|Any CPU.Build.0 = Debug|Any CPU
		{3DA8CAF1-BE7C-4147-A349-377324CC797A}.Debug|x64.ActiveCfg = Debug|Any CPU
		{3DA8CAF1-BE7C-4147-A349-377324CC797A}.Debug|x64.Build.0 = Debug|Any CPU
		{3DA8CAF1-BE7C-4147-A349-377324CC797A}.Debug|x86.ActiveCfg = Debug|Any CPU
		{3DA8CAF1-BE7C-4147-A349-377324CC797A}.Debug|x86.Build.0 = Debug|Any CPU
		{3DA8CAF1-BE7C-4147-A349-377324CC797A}.Release|Any CPU.ActiveCfg = Release|Any CPU
		{3DA8CAF1-BE7C-4147-A349-377324CC797A}.Release|Any CPU.Build.0 = Release|Any CPU
		{3DA8CAF1-BE7C-4147-A349-377324CC797A}.Release|x64.ActiveCfg = Release|Any CPU
		{3DA8CAF1-BE7C-4147-A349-377324CC797A}.Release|x64.Build.0 = Release|Any CPU
		{3DA8CAF1-BE7C-4147-A349-377324CC797A}.Release|x86.ActiveCfg = Release|Any CPU
		{3DA8CAF1-BE7C-4147-A349-377324CC797A}.Release|x86.Build.0 = Release|Any CPU
		{06B38157-E811-4A7E-B135-9B1BCFBD3D01}.Debug|Any CPU.ActiveCfg = Debug|Any CPU
		{06B38157-E811-4A7E-B135-9B1BCFBD3D01}.Debug|Any CPU.Build.0 = Debug|Any CPU
		{06B38157-E811-4A7E-B135-9B1BCFBD3D01}.Debug|x64.ActiveCfg = Debug|Any CPU
		{06B38157-E811-4A7E-B135-9B1BCFBD3D01}.Debug|x64.Build.0 = Debug|Any CPU
		{06B38157-E811-4A7E-B135-9B1BCFBD3D01}.Debug|x86.ActiveCfg = Debug|Any CPU
		{06B38157-E811-4A7E-B135-9B1BCFBD3D01}.Debug|x86.Build.0 = Debug|Any CPU
		{06B38157-E811-4A7E-B135-9B1BCFBD3D01}.Release|Any CPU.ActiveCfg = Release|Any CPU
		{06B38157-E811-4A7E-B135-9B1BCFBD3D01}.Release|Any CPU.Build.0 = Release|Any CPU
		{06B38157-E811-4A7E-B135-9B1BCFBD3D01}.Release|x64.ActiveCfg = Release|Any CPU
		{06B38157-E811-4A7E-B135-9B1BCFBD3D01}.Release|x64.Build.0 = Release|Any CPU
		{06B38157-E811-4A7E-B135-9B1BCFBD3D01}.Release|x86.ActiveCfg = Release|Any CPU
		{06B38157-E811-4A7E-B135-9B1BCFBD3D01}.Release|x86.Build.0 = Release|Any CPU
		{A5244536-21A5-40BA-82D9-7F1121DB3354}.Debug|Any CPU.ActiveCfg = Debug|Any CPU
		{A5244536-21A5-40BA-82D9-7F1121DB3354}.Debug|Any CPU.Build.0 = Debug|Any CPU
		{A5244536-21A5-40BA-82D9-7F1121DB3354}.Debug|x64.ActiveCfg = Debug|Any CPU
		{A5244536-21A5-40BA-82D9-7F1121DB3354}.Debug|x64.Build.0 = Debug|Any CPU
		{A5244536-21A5-40BA-82D9-7F1121DB3354}.Debug|x86.ActiveCfg = Debug|Any CPU
		{A5244536-21A5-40BA-82D9-7F1121DB3354}.Debug|x86.Build.0 = Debug|Any CPU
		{A5244536-21A5-40BA-82D9-7F1121DB3354}.Release|Any CPU.ActiveCfg = Release|Any CPU
		{A5244536-21A5-40BA-82D9-7F1121DB3354}.Release|Any CPU.Build.0 = Release|Any CPU
		{A5244536-21A5-40BA-82D9-7F1121DB3354}.Release|x64.ActiveCfg = Release|Any CPU
		{A5244536-21A5-40BA-82D9-7F1121DB3354}.Release|x64.Build.0 = Release|Any CPU
		{A5244536-21A5-40BA-82D9-7F1121DB3354}.Release|x86.ActiveCfg = Release|Any CPU
		{A5244536-21A5-40BA-82D9-7F1121DB3354}.Release|x86.Build.0 = Release|Any CPU
		{60B1F522-3D19-4F19-BC74-FCD9C60106BB}.Debug|Any CPU.ActiveCfg = Debug|Any CPU
		{60B1F522-3D19-4F19-BC74-FCD9C60106BB}.Debug|Any CPU.Build.0 = Debug|Any CPU
		{60B1F522-3D19-4F19-BC74-FCD9C60106BB}.Debug|x64.ActiveCfg = Debug|Any CPU
		{60B1F522-3D19-4F19-BC74-FCD9C60106BB}.Debug|x64.Build.0 = Debug|Any CPU
		{60B1F522-3D19-4F19-BC74-FCD9C60106BB}.Debug|x86.ActiveCfg = Debug|Any CPU
		{60B1F522-3D19-4F19-BC74-FCD9C60106BB}.Debug|x86.Build.0 = Debug|Any CPU
		{60B1F522-3D19-4F19-BC74-FCD9C60106BB}.Release|Any CPU.ActiveCfg = Release|Any CPU
		{60B1F522-3D19-4F19-BC74-FCD9C60106BB}.Release|Any CPU.Build.0 = Release|Any CPU
		{60B1F522-3D19-4F19-BC74-FCD9C60106BB}.Release|x64.ActiveCfg = Release|Any CPU
		{60B1F522-3D19-4F19-BC74-FCD9C60106BB}.Release|x64.Build.0 = Release|Any CPU
		{60B1F522-3D19-4F19-BC74-FCD9C60106BB}.Release|x86.ActiveCfg = Release|Any CPU
		{60B1F522-3D19-4F19-BC74-FCD9C60106BB}.Release|x86.Build.0 = Release|Any CPU
		{0DA1DB8F-A8D5-4970-B848-CE5E3E0893D3}.Debug|Any CPU.ActiveCfg = Debug|Any CPU
		{0DA1DB8F-A8D5-4970-B848-CE5E3E0893D3}.Debug|Any CPU.Build.0 = Debug|Any CPU
		{0DA1DB8F-A8D5-4970-B848-CE5E3E0893D3}.Debug|x64.ActiveCfg = Debug|Any CPU
		{0DA1DB8F-A8D5-4970-B848-CE5E3E0893D3}.Debug|x64.Build.0 = Debug|Any CPU
		{0DA1DB8F-A8D5-4970-B848-CE5E3E0893D3}.Debug|x86.ActiveCfg = Debug|Any CPU
		{0DA1DB8F-A8D5-4970-B848-CE5E3E0893D3}.Debug|x86.Build.0 = Debug|Any CPU
		{0DA1DB8F-A8D5-4970-B848-CE5E3E0893D3}.Release|Any CPU.ActiveCfg = Release|Any CPU
		{0DA1DB8F-A8D5-4970-B848-CE5E3E0893D3}.Release|Any CPU.Build.0 = Release|Any CPU
		{0DA1DB8F-A8D5-4970-B848-CE5E3E0893D3}.Release|x64.ActiveCfg = Release|Any CPU
		{0DA1DB8F-A8D5-4970-B848-CE5E3E0893D3}.Release|x64.Build.0 = Release|Any CPU
		{0DA1DB8F-A8D5-4970-B848-CE5E3E0893D3}.Release|x86.ActiveCfg = Release|Any CPU
		{0DA1DB8F-A8D5-4970-B848-CE5E3E0893D3}.Release|x86.Build.0 = Release|Any CPU
		{1639666D-7B92-420F-B669-BB9A59EA8397}.Debug|Any CPU.ActiveCfg = Debug|Any CPU
		{1639666D-7B92-420F-B669-BB9A59EA8397}.Debug|Any CPU.Build.0 = Debug|Any CPU
		{1639666D-7B92-420F-B669-BB9A59EA8397}.Debug|x64.ActiveCfg = Debug|Any CPU
		{1639666D-7B92-420F-B669-BB9A59EA8397}.Debug|x64.Build.0 = Debug|Any CPU
		{1639666D-7B92-420F-B669-BB9A59EA8397}.Debug|x86.ActiveCfg = Debug|Any CPU
		{1639666D-7B92-420F-B669-BB9A59EA8397}.Debug|x86.Build.0 = Debug|Any CPU
		{1639666D-7B92-420F-B669-BB9A59EA8397}.Release|Any CPU.ActiveCfg = Release|Any CPU
		{1639666D-7B92-420F-B669-BB9A59EA8397}.Release|Any CPU.Build.0 = Release|Any CPU
		{1639666D-7B92-420F-B669-BB9A59EA8397}.Release|x64.ActiveCfg = Release|Any CPU
		{1639666D-7B92-420F-B669-BB9A59EA8397}.Release|x64.Build.0 = Release|Any CPU
		{1639666D-7B92-420F-B669-BB9A59EA8397}.Release|x86.ActiveCfg = Release|Any CPU
		{1639666D-7B92-420F-B669-BB9A59EA8397}.Release|x86.Build.0 = Release|Any CPU
	EndGlobalSection
	GlobalSection(SolutionProperties) = preSolution
		HideSolutionNode = FALSE
	EndGlobalSection
	GlobalSection(NestedProjects) = preSolution
		{703EEA16-5916-44BD-A826-C45A9C66FBF3} = {827E0CD3-B72D-47B6-A68D-7590B98EB39B}
		{3DA8CAF1-BE7C-4147-A349-377324CC797A} = {827E0CD3-B72D-47B6-A68D-7590B98EB39B}
		{06B38157-E811-4A7E-B135-9B1BCFBD3D01} = {827E0CD3-B72D-47B6-A68D-7590B98EB39B}
		{A5244536-21A5-40BA-82D9-7F1121DB3354} = {827E0CD3-B72D-47B6-A68D-7590B98EB39B}
		{60B1F522-3D19-4F19-BC74-FCD9C60106BB} = {827E0CD3-B72D-47B6-A68D-7590B98EB39B}
		{0DA1DB8F-A8D5-4970-B848-CE5E3E0893D3} = {827E0CD3-B72D-47B6-A68D-7590B98EB39B}
		{1639666D-7B92-420F-B669-BB9A59EA8397} = {827E0CD3-B72D-47B6-A68D-7590B98EB39B}
	EndGlobalSection
EndGlobal
